
Microsoft Visual Studio Solution File, Format Version 12.00
# Visual Studio Version 16
VisualStudioVersion = 16.0.29230.47
MinimumVisualStudioVersion = 10.0.40219.1
Project("{FAE04EC0-301F-11D3-BF4B-00C04F79EFBC}") = "WorkCasualWear", "WorkCasualWear\WorkCasualWear.csproj", "{E21C872C-C6C4-418C-B8AF-308D6E284F93}"
EndProject
Project("{FAE04EC0-301F-11D3-BF4B-00C04F79EFBC}") = "WorkCasualWear.Tests", "WorkCasualWear.Tests\WorkCasualWear.Tests.csproj", "{F827237E-CA8E-4D95-A16F-47BB07D9015A}"
EndProject
Global
	GlobalSection(SolutionConfigurationPlatforms) = preSolution
		Debug|Any CPU = Debug|Any CPU
		Release|Any CPU = Release|Any CPU
	EndGlobalSection
	GlobalSection(ProjectConfigurationPlatforms) = postSolution
		{E21C872C-C6C4-418C-B8AF-308D6E284F93}.Debug|Any CPU.ActiveCfg = Debug|Any CPU
		{E21C872C-C6C4-418C-B8AF-308D6E284F93}.Debug|Any CPU.Build.0 = Debug|Any CPU
		{E21C872C-C6C4-418C-B8AF-308D6E284F93}.Release|Any CPU.ActiveCfg = Release|Any CPU
		{E21C872C-C6C4-418C-B8AF-308D6E284F93}.Release|Any CPU.Build.0 = Release|Any CPU
		{F827237E-CA8E-4D95-A16F-47BB07D9015A}.Debug|Any CPU.ActiveCfg = Debug|Any CPU
		{F827237E-CA8E-4D95-A16F-47BB07D9015A}.Debug|Any CPU.Build.0 = Debug|Any CPU
		{F827237E-CA8E-4D95-A16F-47BB07D9015A}.Release|Any CPU.ActiveCfg = Release|Any CPU
		{F827237E-CA8E-4D95-A16F-47BB07D9015A}.Release|Any CPU.Build.0 = Release|Any CPU
	EndGlobalSection
	GlobalSection(SolutionProperties) = preSolution
		HideSolutionNode = FALSE
	EndGlobalSection
	GlobalSection(ExtensibilityGlobals) = postSolution
		SolutionGuid = {98D68D35-2CFF-4C39-A366-1FE9EAFFA3DF}
	EndGlobalSection
EndGlobal
